
Microsoft Visual Studio Solution File, Format Version 12.00
# Visual Studio 14
VisualStudioVersion = 14.0.25420.1
MinimumVisualStudioVersion = 10.0.40219.1
Project("{FAE04EC0-301F-11D3-BF4B-00C04F79EFBC}") = "4 - Modelos", "Modelos\4 - Modelos.csproj", "{B389F76B-4C1B-448A-98FA-0CC8B43B88BC}"
EndProject
Project("{FAE04EC0-301F-11D3-BF4B-00C04F79EFBC}") = "3 -ServicoDados_Sharepoint", "DataSharePoint\3 -ServicoDados_Sharepoint.csproj", "{928170B0-1AEE-41A7-A405-50529C98C3AA}"
EndProject
Project("{FAE04EC0-301F-11D3-BF4B-00C04F79EFBC}") = "1 - ChamaServico", "ExecutaServico\1 - ChamaServico.csproj", "{9E11E810-84D0-431B-B56B-DA50FF5995A8}"
EndProject
Project("{FAE04EC0-301F-11D3-BF4B-00C04F79EFBC}") = "2 - ProjetoWebService", "ProjetoWebService\2 - ProjetoWebService.csproj", "{3A92CDCF-0C0F-4588-9AA7-8AA0AC668F4A}"
EndProject
Project("{FAE04EC0-301F-11D3-BF4B-00C04F79EFBC}") = "5 - FuncoesAuxiliares", "FuncoesAuxiliares\5 - FuncoesAuxiliares.csproj", "{42FFEB26-4B6F-4ABF-8C8A-1A7D3068FB6E}"
EndProject
Global
	GlobalSection(SolutionConfigurationPlatforms) = preSolution
		Debug|Any CPU = Debug|Any CPU
		Release|Any CPU = Release|Any CPU
	EndGlobalSection
	GlobalSection(ProjectConfigurationPlatforms) = postSolution
		{B389F76B-4C1B-448A-98FA-0CC8B43B88BC}.Debug|Any CPU.ActiveCfg = Debug|Any CPU
		{B389F76B-4C1B-448A-98FA-0CC8B43B88BC}.Debug|Any CPU.Build.0 = Debug|Any CPU
		{B389F76B-4C1B-448A-98FA-0CC8B43B88BC}.Release|Any CPU.ActiveCfg = Release|Any CPU
		{B389F76B-4C1B-448A-98FA-0CC8B43B88BC}.Release|Any CPU.Build.0 = Release|Any CPU
		{928170B0-1AEE-41A7-A405-50529C98C3AA}.Debug|Any CPU.ActiveCfg = Debug|Any CPU
		{928170B0-1AEE-41A7-A405-50529C98C3AA}.Debug|Any CPU.Build.0 = Debug|Any CPU
		{928170B0-1AEE-41A7-A405-50529C98C3AA}.Release|Any CPU.ActiveCfg = Release|Any CPU
		{928170B0-1AEE-41A7-A405-50529C98C3AA}.Release|Any CPU.Build.0 = Release|Any CPU
		{9E11E810-84D0-431B-B56B-DA50FF5995A8}.Debug|Any CPU.ActiveCfg = Debug|Any CPU
		{9E11E810-84D0-431B-B56B-DA50FF5995A8}.Debug|Any CPU.Build.0 = Debug|Any CPU
		{9E11E810-84D0-431B-B56B-DA50FF5995A8}.Release|Any CPU.ActiveCfg = Release|Any CPU
		{9E11E810-84D0-431B-B56B-DA50FF5995A8}.Release|Any CPU.Build.0 = Release|Any CPU
		{3A92CDCF-0C0F-4588-9AA7-8AA0AC668F4A}.Debug|Any CPU.ActiveCfg = Debug|Any CPU
		{3A92CDCF-0C0F-4588-9AA7-8AA0AC668F4A}.Debug|Any CPU.Build.0 = Debug|Any CPU
		{3A92CDCF-0C0F-4588-9AA7-8AA0AC668F4A}.Release|Any CPU.ActiveCfg = Release|Any CPU
		{3A92CDCF-0C0F-4588-9AA7-8AA0AC668F4A}.Release|Any CPU.Build.0 = Release|Any CPU
		{42FFEB26-4B6F-4ABF-8C8A-1A7D3068FB6E}.Debug|Any CPU.ActiveCfg = Debug|Any CPU
		{42FFEB26-4B6F-4ABF-8C8A-1A7D3068FB6E}.Debug|Any CPU.Build.0 = Debug|Any CPU
		{42FFEB26-4B6F-4ABF-8C8A-1A7D3068FB6E}.Release|Any CPU.ActiveCfg = Release|Any CPU
		{42FFEB26-4B6F-4ABF-8C8A-1A7D3068FB6E}.Release|Any CPU.Build.0 = Release|Any CPU
	EndGlobalSection
	GlobalSection(SolutionProperties) = preSolution
		HideSolutionNode = FALSE
	EndGlobalSection
EndGlobal
